// !$*UTF8*$!
{
	archiveVersion = 1;
	classes = {
	};
	objectVersion = 47;
	objects = {

/* Begin PBXBuildFile section */
		390E2195F4A563296A579639 /* TopicSection.swift in Sources */ = {isa = PBXBuildFile; fileRef = 390E2EAC833E67A670AF051C /* TopicSection.swift */; };
		C91B1C9C1AF4CC4D0010BC3D /* AppDelegate.swift in Sources */ = {isa = PBXBuildFile; fileRef = C91B1C9B1AF4CC4D0010BC3D /* AppDelegate.swift */; };
		C91B1CA01AF4CC4D0010BC3D /* TopicDetailsViewController.swift in Sources */ = {isa = PBXBuildFile; fileRef = C91B1C9F1AF4CC4D0010BC3D /* TopicDetailsViewController.swift */; };
		C91B1CA31AF4CC4D0010BC3D /* Main.storyboard in Resources */ = {isa = PBXBuildFile; fileRef = C91B1CA11AF4CC4D0010BC3D /* Main.storyboard */; };
		C91B1CA51AF4CC4D0010BC3D /* Images.xcassets in Resources */ = {isa = PBXBuildFile; fileRef = C91B1CA41AF4CC4D0010BC3D /* Images.xcassets */; };
		C91B1CA81AF4CC4D0010BC3D /* LaunchScreen.xib in Resources */ = {isa = PBXBuildFile; fileRef = C91B1CA61AF4CC4D0010BC3D /* LaunchScreen.xib */; };
		C91B1CB41AF4CC4E0010BC3D /* UnitedHatzlahMedicTests.swift in Sources */ = {isa = PBXBuildFile; fileRef = C91B1CB31AF4CC4E0010BC3D /* UnitedHatzlahMedicTests.swift */; };
		C9633C881AFA299F00286ADB /* TopicsTableViewController.swift in Sources */ = {isa = PBXBuildFile; fileRef = C9633C871AFA299F00286ADB /* TopicsTableViewController.swift */; };
		C997A4751B1CAE22000355F7 /* Topic.swift in Sources */ = {isa = PBXBuildFile; fileRef = C997A4741B1CAE22000355F7 /* Topic.swift */; };
		C9DBF5C81AFD0881000CA68D /* topics.json in Resources */ = {isa = PBXBuildFile; fileRef = C9DBF5C71AFD0881000CA68D /* topics.json */; };
		C9E0C1F91AFE531E00C4AE8A /* pir.html in Resources */ = {isa = PBXBuildFile; fileRef = C9E0C1F81AFE531E00C4AE8A /* pir.html */; };
/* End PBXBuildFile section */

/* Begin PBXContainerItemProxy section */
		C91B1CAE1AF4CC4E0010BC3D /* PBXContainerItemProxy */ = {
			isa = PBXContainerItemProxy;
			containerPortal = C91B1C8E1AF4CC4D0010BC3D /* Project object */;
			proxyType = 1;
			remoteGlobalIDString = C91B1C951AF4CC4D0010BC3D;
			remoteInfo = UnitedHatzlahMedic;
		};
/* End PBXContainerItemProxy section */

/* Begin PBXFileReference section */
		390E2EAC833E67A670AF051C /* TopicSection.swift */ = {isa = PBXFileReference; fileEncoding = 4; lastKnownFileType = sourcecode.swift; path = TopicSection.swift; sourceTree = "<group>"; };
		C91B1C961AF4CC4D0010BC3D /* UnitedHatzlahMedic.app */ = {isa = PBXFileReference; explicitFileType = wrapper.application; includeInIndex = 0; path = UnitedHatzlahMedic.app; sourceTree = BUILT_PRODUCTS_DIR; };
		C91B1C9A1AF4CC4D0010BC3D /* Info.plist */ = {isa = PBXFileReference; lastKnownFileType = text.plist.xml; path = Info.plist; sourceTree = "<group>"; };
		C91B1C9B1AF4CC4D0010BC3D /* AppDelegate.swift */ = {isa = PBXFileReference; lastKnownFileType = sourcecode.swift; path = AppDelegate.swift; sourceTree = "<group>"; };
		C91B1C9F1AF4CC4D0010BC3D /* TopicDetailsViewController.swift */ = {isa = PBXFileReference; lastKnownFileType = sourcecode.swift; path = TopicDetailsViewController.swift; sourceTree = "<group>"; };
		C91B1CA21AF4CC4D0010BC3D /* Base */ = {isa = PBXFileReference; lastKnownFileType = file.storyboard; name = Base; path = Base.lproj/Main.storyboard; sourceTree = "<group>"; };
		C91B1CA41AF4CC4D0010BC3D /* Images.xcassets */ = {isa = PBXFileReference; lastKnownFileType = folder.assetcatalog; path = Images.xcassets; sourceTree = "<group>"; };
		C91B1CA71AF4CC4D0010BC3D /* Base */ = {isa = PBXFileReference; lastKnownFileType = file.xib; name = Base; path = Base.lproj/LaunchScreen.xib; sourceTree = "<group>"; };
		C91B1CAD1AF4CC4E0010BC3D /* UnitedHatzlahMedicTests.xctest */ = {isa = PBXFileReference; explicitFileType = wrapper.cfbundle; includeInIndex = 0; path = UnitedHatzlahMedicTests.xctest; sourceTree = BUILT_PRODUCTS_DIR; };
		C91B1CB21AF4CC4E0010BC3D /* Info.plist */ = {isa = PBXFileReference; lastKnownFileType = text.plist.xml; path = Info.plist; sourceTree = "<group>"; };
		C91B1CB31AF4CC4E0010BC3D /* UnitedHatzlahMedicTests.swift */ = {isa = PBXFileReference; lastKnownFileType = sourcecode.swift; path = UnitedHatzlahMedicTests.swift; sourceTree = "<group>"; };
		C9633C871AFA299F00286ADB /* TopicsTableViewController.swift */ = {isa = PBXFileReference; fileEncoding = 4; lastKnownFileType = sourcecode.swift; path = TopicsTableViewController.swift; sourceTree = "<group>"; };
		C997A4741B1CAE22000355F7 /* Topic.swift */ = {isa = PBXFileReference; fileEncoding = 4; lastKnownFileType = sourcecode.swift; path = Topic.swift; sourceTree = "<group>"; };
		C9DBF5C71AFD0881000CA68D /* topics.json */ = {isa = PBXFileReference; fileEncoding = 4; lastKnownFileType = text.json; path = topics.json; sourceTree = "<group>"; };
		C9E0C1F81AFE531E00C4AE8A /* pir.html */ = {isa = PBXFileReference; fileEncoding = 4; lastKnownFileType = text.html; path = pir.html; sourceTree = "<group>"; };
/* End PBXFileReference section */

/* Begin PBXFrameworksBuildPhase section */
		C91B1C931AF4CC4D0010BC3D /* Frameworks */ = {
			isa = PBXFrameworksBuildPhase;
			buildActionMask = 2147483647;
			files = (
			);
			runOnlyForDeploymentPostprocessing = 0;
		};
		C91B1CAA1AF4CC4E0010BC3D /* Frameworks */ = {
			isa = PBXFrameworksBuildPhase;
			buildActionMask = 2147483647;
			files = (
			);
			runOnlyForDeploymentPostprocessing = 0;
		};
/* End PBXFrameworksBuildPhase section */

/* Begin PBXGroup section */
		C91B1C8D1AF4CC4D0010BC3D = {
			isa = PBXGroup;
			children = (
				C91B1C981AF4CC4D0010BC3D /* UnitedHatzlahMedic */,
				C91B1CB01AF4CC4E0010BC3D /* UnitedHatzlahMedicTests */,
				C91B1C971AF4CC4D0010BC3D /* Products */,
			);
			sourceTree = "<group>";
		};
		C91B1C971AF4CC4D0010BC3D /* Products */ = {
			isa = PBXGroup;
			children = (
				C91B1C961AF4CC4D0010BC3D /* UnitedHatzlahMedic.app */,
				C91B1CAD1AF4CC4E0010BC3D /* UnitedHatzlahMedicTests.xctest */,
			);
			name = Products;
			sourceTree = "<group>";
		};
		C91B1C981AF4CC4D0010BC3D /* UnitedHatzlahMedic */ = {
			isa = PBXGroup;
			children = (
				C9DBF5C91AFD0888000CA68D /* resources */,
				C91B1C9B1AF4CC4D0010BC3D /* AppDelegate.swift */,
				C91B1C9F1AF4CC4D0010BC3D /* TopicDetailsViewController.swift */,
				C91B1CA11AF4CC4D0010BC3D /* Main.storyboard */,
				C91B1CA41AF4CC4D0010BC3D /* Images.xcassets */,
				C91B1CA61AF4CC4D0010BC3D /* LaunchScreen.xib */,
				C91B1C991AF4CC4D0010BC3D /* Supporting Files */,
				C9633C871AFA299F00286ADB /* TopicsTableViewController.swift */,
				C997A4741B1CAE22000355F7 /* Topic.swift */,
				390E2EAC833E67A670AF051C /* TopicSection.swift */,
			);
			path = UnitedHatzlahMedic;
			sourceTree = "<group>";
		};
		C91B1C991AF4CC4D0010BC3D /* Supporting Files */ = {
			isa = PBXGroup;
			children = (
				C91B1C9A1AF4CC4D0010BC3D /* Info.plist */,
			);
			name = "Supporting Files";
			sourceTree = "<group>";
		};
		C91B1CB01AF4CC4E0010BC3D /* UnitedHatzlahMedicTests */ = {
			isa = PBXGroup;
			children = (
				C91B1CB31AF4CC4E0010BC3D /* UnitedHatzlahMedicTests.swift */,
				C91B1CB11AF4CC4E0010BC3D /* Supporting Files */,
			);
			path = UnitedHatzlahMedicTests;
			sourceTree = "<group>";
		};
		C91B1CB11AF4CC4E0010BC3D /* Supporting Files */ = {
			isa = PBXGroup;
			children = (
				C91B1CB21AF4CC4E0010BC3D /* Info.plist */,
			);
			name = "Supporting Files";
			sourceTree = "<group>";
		};
		C9DBF5C91AFD0888000CA68D /* resources */ = {
			isa = PBXGroup;
			children = (
				C9DBF5C71AFD0881000CA68D /* topics.json */,
				C9E0C1F81AFE531E00C4AE8A /* pir.html */,
			);
			name = resources;
			sourceTree = "<group>";
		};
/* End PBXGroup section */

/* Begin PBXNativeTarget section */
		C91B1C951AF4CC4D0010BC3D /* UnitedHatzlahMedic */ = {
			isa = PBXNativeTarget;
			buildConfigurationList = C91B1CB71AF4CC4E0010BC3D /* Build configuration list for PBXNativeTarget "UnitedHatzlahMedic" */;
			buildPhases = (
				C91B1C921AF4CC4D0010BC3D /* Sources */,
				C91B1C931AF4CC4D0010BC3D /* Frameworks */,
				C91B1C941AF4CC4D0010BC3D /* Resources */,
			);
			buildRules = (
			);
			dependencies = (
			);
			name = UnitedHatzlahMedic;
			productName = UnitedHatzlahMedic;
			productReference = C91B1C961AF4CC4D0010BC3D /* UnitedHatzlahMedic.app */;
			productType = "com.apple.product-type.application";
		};
		C91B1CAC1AF4CC4E0010BC3D /* UnitedHatzlahMedicTests */ = {
			isa = PBXNativeTarget;
			buildConfigurationList = C91B1CBA1AF4CC4E0010BC3D /* Build configuration list for PBXNativeTarget "UnitedHatzlahMedicTests" */;
			buildPhases = (
				C91B1CA91AF4CC4E0010BC3D /* Sources */,
				C91B1CAA1AF4CC4E0010BC3D /* Frameworks */,
				C91B1CAB1AF4CC4E0010BC3D /* Resources */,
			);
			buildRules = (
			);
			dependencies = (
				C91B1CAF1AF4CC4E0010BC3D /* PBXTargetDependency */,
			);
			name = UnitedHatzlahMedicTests;
			productName = UnitedHatzlahMedicTests;
			productReference = C91B1CAD1AF4CC4E0010BC3D /* UnitedHatzlahMedicTests.xctest */;
			productType = "com.apple.product-type.bundle.unit-test";
		};
/* End PBXNativeTarget section */

/* Begin PBXProject section */
		C91B1C8E1AF4CC4D0010BC3D /* Project object */ = {
			isa = PBXProject;
			attributes = {
				LastUpgradeCheck = 0630;
				ORGANIZATIONNAME = "Ziv Levy";
				TargetAttributes = {
					C91B1C951AF4CC4D0010BC3D = {
						CreatedOnToolsVersion = 6.3;
					};
					C91B1CAC1AF4CC4E0010BC3D = {
						CreatedOnToolsVersion = 6.3;
						TestTargetID = C91B1C951AF4CC4D0010BC3D;
					};
				};
			};
			buildConfigurationList = C91B1C911AF4CC4D0010BC3D /* Build configuration list for PBXProject "UnitedHatzlahMedic" */;
			compatibilityVersion = "Xcode 6.3";
			developmentRegion = English;
			hasScannedForEncodings = 0;
			knownRegions = (
				en,
				Base,
			);
			mainGroup = C91B1C8D1AF4CC4D0010BC3D;
			productRefGroup = C91B1C971AF4CC4D0010BC3D /* Products */;
			projectDirPath = "";
			projectRoot = "";
			targets = (
				C91B1C951AF4CC4D0010BC3D /* UnitedHatzlahMedic */,
				C91B1CAC1AF4CC4E0010BC3D /* UnitedHatzlahMedicTests */,
			);
		};
/* End PBXProject section */

/* Begin PBXResourcesBuildPhase section */
		C91B1C941AF4CC4D0010BC3D /* Resources */ = {
			isa = PBXResourcesBuildPhase;
			buildActionMask = 2147483647;
			files = (
				C91B1CA31AF4CC4D0010BC3D /* Main.storyboard in Resources */,
				C9DBF5C81AFD0881000CA68D /* topics.json in Resources */,
				C9E0C1F91AFE531E00C4AE8A /* pir.html in Resources */,
				C91B1CA81AF4CC4D0010BC3D /* LaunchScreen.xib in Resources */,
				C91B1CA51AF4CC4D0010BC3D /* Images.xcassets in Resources */,
			);
			runOnlyForDeploymentPostprocessing = 0;
		};
		C91B1CAB1AF4CC4E0010BC3D /* Resources */ = {
			isa = PBXResourcesBuildPhase;
			buildActionMask = 2147483647;
			files = (
			);
			runOnlyForDeploymentPostprocessing = 0;
		};
/* End PBXResourcesBuildPhase section */

/* Begin PBXSourcesBuildPhase section */
		C91B1C921AF4CC4D0010BC3D /* Sources */ = {
			isa = PBXSourcesBuildPhase;
			buildActionMask = 2147483647;
			files = (
				C9633C881AFA299F00286ADB /* TopicsTableViewController.swift in Sources */,
				C997A4751B1CAE22000355F7 /* Topic.swift in Sources */,
				C91B1CA01AF4CC4D0010BC3D /* TopicDetailsViewController.swift in Sources */,
				C91B1C9C1AF4CC4D0010BC3D /* AppDelegate.swift in Sources */,
				390E2195F4A563296A579639 /* TopicSection.swift in Sources */,
			);
			runOnlyForDeploymentPostprocessing = 0;
		};
		C91B1CA91AF4CC4E0010BC3D /* Sources */ = {
			isa = PBXSourcesBuildPhase;
			buildActionMask = 2147483647;
			files = (
				C91B1CB41AF4CC4E0010BC3D /* UnitedHatzlahMedicTests.swift in Sources */,
			);
			runOnlyForDeploymentPostprocessing = 0;
		};
/* End PBXSourcesBuildPhase section */

/* Begin PBXTargetDependency section */
		C91B1CAF1AF4CC4E0010BC3D /* PBXTargetDependency */ = {
			isa = PBXTargetDependency;
			target = C91B1C951AF4CC4D0010BC3D /* UnitedHatzlahMedic */;
			targetProxy = C91B1CAE1AF4CC4E0010BC3D /* PBXContainerItemProxy */;
		};
/* End PBXTargetDependency section */

/* Begin PBXVariantGroup section */
		C91B1CA11AF4CC4D0010BC3D /* Main.storyboard */ = {
			isa = PBXVariantGroup;
			children = (
				C91B1CA21AF4CC4D0010BC3D /* Base */,
			);
			name = Main.storyboard;
			sourceTree = "<group>";
		};
		C91B1CA61AF4CC4D0010BC3D /* LaunchScreen.xib */ = {
			isa = PBXVariantGroup;
			children = (
				C91B1CA71AF4CC4D0010BC3D /* Base */,
			);
			name = LaunchScreen.xib;
			sourceTree = "<group>";
		};
/* End PBXVariantGroup section */

/* Begin XCBuildConfiguration section */
		C91B1CB51AF4CC4E0010BC3D /* Debug */ = {
			isa = XCBuildConfiguration;
			buildSettings = {
				ALWAYS_SEARCH_USER_PATHS = NO;
				CLANG_CXX_LANGUAGE_STANDARD = "gnu++0x";
				CLANG_CXX_LIBRARY = "libc++";
				CLANG_ENABLE_MODULES = YES;
				CLANG_ENABLE_OBJC_ARC = YES;
				CLANG_WARN_BOOL_CONVERSION = YES;
				CLANG_WARN_CONSTANT_CONVERSION = YES;
				CLANG_WARN_DIRECT_OBJC_ISA_USAGE = YES_ERROR;
				CLANG_WARN_EMPTY_BODY = YES;
				CLANG_WARN_ENUM_CONVERSION = YES;
				CLANG_WARN_INT_CONVERSION = YES;
				CLANG_WARN_OBJC_ROOT_CLASS = YES_ERROR;
				CLANG_WARN_UNREACHABLE_CODE = YES;
				CLANG_WARN__DUPLICATE_METHOD_MATCH = YES;
				"CODE_SIGN_IDENTITY[sdk=iphoneos*]" = "iPhone Developer";
				COPY_PHASE_STRIP = NO;
				DEBUG_INFORMATION_FORMAT = "dwarf-with-dsym";
				ENABLE_STRICT_OBJC_MSGSEND = YES;
				GCC_C_LANGUAGE_STANDARD = gnu99;
				GCC_DYNAMIC_NO_PIC = NO;
				GCC_NO_COMMON_BLOCKS = YES;
				GCC_OPTIMIZATION_LEVEL = 0;
				GCC_PREPROCESSOR_DEFINITIONS = (
					"DEBUG=1",
					"$(inherited)",
				);
				GCC_SYMBOLS_PRIVATE_EXTERN = NO;
				GCC_WARN_64_TO_32_BIT_CONVERSION = YES;
				GCC_WARN_ABOUT_RETURN_TYPE = YES_ERROR;
				GCC_WARN_UNDECLARED_SELECTOR = YES;
				GCC_WARN_UNINITIALIZED_AUTOS = YES_AGGRESSIVE;
				GCC_WARN_UNUSED_FUNCTION = YES;
				GCC_WARN_UNUSED_VARIABLE = YES;
				IPHONEOS_DEPLOYMENT_TARGET = 8.0;
				MTL_ENABLE_DEBUG_INFO = YES;
				ONLY_ACTIVE_ARCH = YES;
				SDKROOT = iphoneos;
				SWIFT_OPTIMIZATION_LEVEL = "-Onone";
			};
			name = Debug;
		};
		C91B1CB61AF4CC4E0010BC3D /* Release */ = {
			isa = XCBuildConfiguration;
			buildSettings = {
				ALWAYS_SEARCH_USER_PATHS = NO;
				CLANG_CXX_LANGUAGE_STANDARD = "gnu++0x";
				CLANG_CXX_LIBRARY = "libc++";
				CLANG_ENABLE_MODULES = YES;
				CLANG_ENABLE_OBJC_ARC = YES;
				CLANG_WARN_BOOL_CONVERSION = YES;
				CLANG_WARN_CONSTANT_CONVERSION = YES;
				CLANG_WARN_DIRECT_OBJC_ISA_USAGE = YES_ERROR;
				CLANG_WARN_EMPTY_BODY = YES;
				CLANG_WARN_ENUM_CONVERSION = YES;
				CLANG_WARN_INT_CONVERSION = YES;
				CLANG_WARN_OBJC_ROOT_CLASS = YES_ERROR;
				CLANG_WARN_UNREACHABLE_CODE = YES;
				CLANG_WARN__DUPLICATE_METHOD_MATCH = YES;
				"CODE_SIGN_IDENTITY[sdk=iphoneos*]" = "iPhone Developer";
				COPY_PHASE_STRIP = NO;
				DEBUG_INFORMATION_FORMAT = "dwarf-with-dsym";
				ENABLE_NS_ASSERTIONS = NO;
				ENABLE_STRICT_OBJC_MSGSEND = YES;
				GCC_C_LANGUAGE_STANDARD = gnu99;
				GCC_NO_COMMON_BLOCKS = YES;
				GCC_WARN_64_TO_32_BIT_CONVERSION = YES;
				GCC_WARN_ABOUT_RETURN_TYPE = YES_ERROR;
				GCC_WARN_UNDECLARED_SELECTOR = YES;
				GCC_WARN_UNINITIALIZED_AUTOS = YES_AGGRESSIVE;
				GCC_WARN_UNUSED_FUNCTION = YES;
				GCC_WARN_UNUSED_VARIABLE = YES;
				IPHONEOS_DEPLOYMENT_TARGET = 8.0;
				MTL_ENABLE_DEBUG_INFO = NO;
				SDKROOT = iphoneos;
				VALIDATE_PRODUCT = YES;
			};
			name = Release;
		};
		C91B1CB81AF4CC4E0010BC3D /* Debug */ = {
			isa = XCBuildConfiguration;
			buildSettings = {
				ASSETCATALOG_COMPILER_APPICON_NAME = AppIcon;
				INFOPLIST_FILE = UnitedHatzlahMedic/Info.plist;
				IPHONEOS_DEPLOYMENT_TARGET = 8.0;
				LD_RUNPATH_SEARCH_PATHS = "$(inherited) @executable_path/Frameworks";
				PRODUCT_NAME = "$(TARGET_NAME)";
			};
			name = Debug;
		};
		C91B1CB91AF4CC4E0010BC3D /* Release */ = {
			isa = XCBuildConfiguration;
			buildSettings = {
				ASSETCATALOG_COMPILER_APPICON_NAME = AppIcon;
				INFOPLIST_FILE = UnitedHatzlahMedic/Info.plist;
				IPHONEOS_DEPLOYMENT_TARGET = 8.0;
				LD_RUNPATH_SEARCH_PATHS = "$(inherited) @executable_path/Frameworks";
				PRODUCT_NAME = "$(TARGET_NAME)";
			};
			name = Release;
		};
		C91B1CBB1AF4CC4E0010BC3D /* Debug */ = {
			isa = XCBuildConfiguration;
			buildSettings = {
				BUNDLE_LOADER = "$(TEST_HOST)";
				FRAMEWORK_SEARCH_PATHS = (
					"$(SDKROOT)/Developer/Library/Frameworks",
					"$(inherited)",
				);
				GCC_PREPROCESSOR_DEFINITIONS = (
					"DEBUG=1",
					"$(inherited)",
				);
				INFOPLIST_FILE = UnitedHatzlahMedicTests/Info.plist;
				LD_RUNPATH_SEARCH_PATHS = "$(inherited) @executable_path/Frameworks @loader_path/Frameworks";
				PRODUCT_NAME = "$(TARGET_NAME)";
				TEST_HOST = "$(BUILT_PRODUCTS_DIR)/UnitedHatzlahMedic.app/UnitedHatzlahMedic";
			};
			name = Debug;
		};
		C91B1CBC1AF4CC4E0010BC3D /* Release */ = {
			isa = XCBuildConfiguration;
			buildSettings = {
				BUNDLE_LOADER = "$(TEST_HOST)";
				FRAMEWORK_SEARCH_PATHS = (
					"$(SDKROOT)/Developer/Library/Frameworks",
					"$(inherited)",
				);
				INFOPLIST_FILE = UnitedHatzlahMedicTests/Info.plist;
				LD_RUNPATH_SEARCH_PATHS = "$(inherited) @executable_path/Frameworks @loader_path/Frameworks";
				PRODUCT_NAME = "$(TARGET_NAME)";
				TEST_HOST = "$(BUILT_PRODUCTS_DIR)/UnitedHatzlahMedic.app/UnitedHatzlahMedic";
			};
			name = Release;
		};
/* End XCBuildConfiguration section */

/* Begin XCConfigurationList section */
		C91B1C911AF4CC4D0010BC3D /* Build configuration list for PBXProject "UnitedHatzlahMedic" */ = {
			isa = XCConfigurationList;
			buildConfigurations = (
				C91B1CB51AF4CC4E0010BC3D /* Debug */,
				C91B1CB61AF4CC4E0010BC3D /* Release */,
			);
			defaultConfigurationIsVisible = 0;
			defaultConfigurationName = Release;
		};
		C91B1CB71AF4CC4E0010BC3D /* Build configuration list for PBXNativeTarget "UnitedHatzlahMedic" */ = {
			isa = XCConfigurationList;
			buildConfigurations = (
				C91B1CB81AF4CC4E0010BC3D /* Debug */,
				C91B1CB91AF4CC4E0010BC3D /* Release */,
			);
			defaultConfigurationIsVisible = 0;
			defaultConfigurationName = Release;
		};
		C91B1CBA1AF4CC4E0010BC3D /* Build configuration list for PBXNativeTarget "UnitedHatzlahMedicTests" */ = {
			isa = XCConfigurationList;
			buildConfigurations = (
				C91B1CBB1AF4CC4E0010BC3D /* Debug */,
				C91B1CBC1AF4CC4E0010BC3D /* Release */,
			);
			defaultConfigurationIsVisible = 0;
			defaultConfigurationName = Release;
		};
/* End XCConfigurationList section */
	};
	rootObject = C91B1C8E1AF4CC4D0010BC3D /* Project object */;
}
